{
  "version": "4",
  "redirects": {
    "https://deno.land/std/http/server.ts": "https://deno.land/std@0.224.0/http/server.ts",
    "https://esm.sh/bottleneck@2": "https://esm.sh/bottleneck@2.19.5",
    "https://lib.deno.dev/x/grammy@v1/mod.ts": "https://deno.land/x/grammy@v1.35.0/mod.ts",
    "https://lib.deno.dev/x/grammy_transformer_throttler@1/mod.ts": "https://deno.land/x/grammy_transformer_throttler@v1.2.1/mod.ts"
  },
  "remote": {
    "https://cdn.skypack.dev/-/debug@v4.3.4-o4liVvMlOnQWbLSYZMXw/dist=es2019,mode=imports/optimized/debug.js": "671100993996e39b501301a87000607916d4d2d9f8fc8e9c5200ae5ba64a1389",
    "https://cdn.skypack.dev/-/ms@v2.1.2-giBDZ1IA5lmQ3ZXaa87V/dist=es2019,mode=imports/optimized/ms.js": "fd88e2d51900437011f1ad232f3393ce97db1b87a7844b3c58dd6d65562c1276",
    "https://cdn.skypack.dev/debug@4.3.4": "7b1d010cc930f71b940ba5941da055bc181115229e29de7214bdb4425c68ea76",
    "https://deno.land/std@0.211.0/path/_common/assert_path.ts": "2ca275f36ac1788b2acb60fb2b79cb06027198bc2ba6fb7e163efaedde98c297",
    "https://deno.land/std@0.211.0/path/_common/basename.ts": "569744855bc8445f3a56087fd2aed56bdad39da971a8d92b138c9913aecc5fa2",
    "https://deno.land/std@0.211.0/path/_common/constants.ts": "dc5f8057159f4b48cd304eb3027e42f1148cf4df1fb4240774d3492b5d12ac0c",
    "https://deno.land/std@0.211.0/path/_common/strip_trailing_separators.ts": "7024a93447efcdcfeaa9339a98fa63ef9d53de363f1fbe9858970f1bba02655a",
    "https://deno.land/std@0.211.0/path/_os.ts": "8fb9b90fb6b753bd8c77cfd8a33c2ff6c5f5bc185f50de8ca4ac6a05710b2c15",
    "https://deno.land/std@0.211.0/path/basename.ts": "5d341aadb7ada266e2280561692c165771d071c98746fcb66da928870cd47668",
    "https://deno.land/std@0.211.0/path/posix/_util.ts": "1e3937da30f080bfc99fe45d7ed23c47dd8585c5e473b2d771380d3a6937cf9d",
    "https://deno.land/std@0.211.0/path/posix/basename.ts": "39ee27a29f1f35935d3603ccf01d53f3d6e0c5d4d0f84421e65bd1afeff42843",
    "https://deno.land/std@0.211.0/path/windows/_util.ts": "d5f47363e5293fced22c984550d5e70e98e266cc3f31769e1710511803d04808",
    "https://deno.land/std@0.211.0/path/windows/basename.ts": "e2dbf31d1d6385bfab1ce38c333aa290b6d7ae9e0ecb8234a654e583cf22f8fe",
    "https://deno.land/std@0.224.0/async/delay.ts": "f90dd685b97c2f142b8069082993e437b1602b8e2561134827eeb7c12b95c499",
    "https://deno.land/std@0.224.0/http/server.ts": "f9313804bf6467a1704f45f76cb6cd0a3396a3b31c316035e6a4c2035d1ea514",
    "https://deno.land/x/escape@1.4.2/mod.ts": "6a30f506583e5d3bcc5f3cd2d42fba43af618833dc0f7754b374b6f7b21aaf68",
    "https://deno.land/x/grammy@v1.35.0/bot.ts": "477241b42959a7721292259b958da0601a3f50bb6cc07a642c8f74ccc3226a6c",
    "https://deno.land/x/grammy@v1.35.0/composer.ts": "dab5a40d8a6fdc734bfb218f8b2e4ef846c05b833219ddd3fdee3f145bb2660b",
    "https://deno.land/x/grammy@v1.35.0/context.ts": "322cca2e621dff75bfa681895705ba2fe39aa266430a168e9c41b8cb0120f610",
    "https://deno.land/x/grammy@v1.35.0/convenience/constants.ts": "1560129784be52f49aa0bea8716f09ed00dac367fef195be6a2c09bdfc43fb99",
    "https://deno.land/x/grammy@v1.35.0/convenience/frameworks.ts": "466438ae1c30be83a261968f7f7365f1529724dd476f60e31ed6c631264646a6",
    "https://deno.land/x/grammy@v1.35.0/convenience/inline_query.ts": "409d1940c7670708064efa495003bcbfdf6763a756b2e6303c464489fd3394ff",
    "https://deno.land/x/grammy@v1.35.0/convenience/input_media.ts": "7af72a5fdb1af0417e31b1327003f536ddfdf64e06ab8bc7f5da6b574de38658",
    "https://deno.land/x/grammy@v1.35.0/convenience/keyboard.ts": "dcfdc05f51758855d31dc80637798e0ca1d7f9b85038a6e9e600522e7cdac490",
    "https://deno.land/x/grammy@v1.35.0/convenience/session.ts": "5e4b976528a0b3d7893645ac23e2e35e78671af578a3aed5efb4b621e7e9b6da",
    "https://deno.land/x/grammy@v1.35.0/convenience/webhook.ts": "722f6da8de7578ecfcd263ca07ec3b81f09e7f243fdf2a887ac0e6cab509e116",
    "https://deno.land/x/grammy@v1.35.0/core/api.ts": "0c5ae6b8140ec094127b5c82b926187b4a53f76a1833c8fcc8b940415c229be9",
    "https://deno.land/x/grammy@v1.35.0/core/client.ts": "44a9f9fd6dc7eb8ab3c57dab3f550ef5ec53142c5df16ab5501da8e3ea62dcff",
    "https://deno.land/x/grammy@v1.35.0/core/error.ts": "5245f18f273da6be364f525090c24d2e9a282c180904f674f66946f2b2556247",
    "https://deno.land/x/grammy@v1.35.0/core/payload.ts": "420e17c3c2830b5576ea187cfce77578fe09f1204b25c25ea2f220ca7c86e73b",
    "https://deno.land/x/grammy@v1.35.0/filter.ts": "dd30fa957e37a0857e471157bc5a21a13b8f5c3d145b512679aefb3ff5174670",
    "https://deno.land/x/grammy@v1.35.0/mod.ts": "7723e08709ff7fd01df3e463503e14e4fd1a581669380eed70351e1121e8a833",
    "https://deno.land/x/grammy@v1.35.0/platform.deno.ts": "68272a7e1d9a2d74d8a45342526485dbc0531dee812f675d7f8a4e7fc8393028",
    "https://deno.land/x/grammy@v1.35.0/types.deno.ts": "ab016c3569d7cf44f2992dcd5b3df63845262661948848205f1e7dda4d2ec126",
    "https://deno.land/x/grammy@v1.35.0/types.ts": "729415590dfa188dbe924dea614dff4e976babdbabb28a307b869fc25777cdf0",
    "https://deno.land/x/grammy_storages@v2.3.0/free/src/adapter.ts": "0a85a6363b12dd0f6d79d1ca469eb7677082050c2e60592441f929f95621dc0d",
    "https://deno.land/x/grammy_storages@v2.3.0/free/src/mod.ts": "6485c5bf548fc73446f54f397660a59ffcaf0bcc465b6050c2c762848c2c0ba5",
    "https://deno.land/x/grammy_transformer_throttler@v1.2.1/deps.deno.ts": "07206f3858fdf585ad2fe96a1feef84330528208255da7018873de839014f28f",
    "https://deno.land/x/grammy_transformer_throttler@v1.2.1/mod.ts": "5a4d2132f9fb641a44233257bbb012b3157ccd3b377126a586b64a00a69719a9",
    "https://deno.land/x/grammy_types@v3.14.0/api.ts": "ae04d6628e3d25ae805bc07a19475065044fc44cde0a40877405bc3544d03a5f",
    "https://deno.land/x/grammy_types@v3.14.0/inline.ts": "ef999d5131968bdc49c0b74d2b0ff94fca310edfa06b02fe1ae1ac2949156934",
    "https://deno.land/x/grammy_types@v3.14.0/langs.ts": "5f5fd09c58ba3ae942dd7cea2696f95587d2032c1829bba4bca81762b7ef73b6",
    "https://deno.land/x/grammy_types@v3.14.0/manage.ts": "2bf2395311dcfdbb97d3227048eb877cac92d2a247563bb0e4f2e45acd4f99b1",
    "https://deno.land/x/grammy_types@v3.14.0/markup.ts": "7430abcea68d294df73a433f621a37cf1281718d3e29e903ed1e474038c7489d",
    "https://deno.land/x/grammy_types@v3.14.0/message.ts": "4054128d05fd2b7ea77fea47f995e5c4d268b7150bc7316f3f03fc203e6567ae",
    "https://deno.land/x/grammy_types@v3.14.0/methods.ts": "8b6f31f5dd827586d0947f9e5e85db919138e55b383159126b29256c5f6d3519",
    "https://deno.land/x/grammy_types@v3.14.0/mod.ts": "7ecea1d3f7085d64419b78183039c78d70d655aeaa8b07f118ffbfb823f5b0b7",
    "https://deno.land/x/grammy_types@v3.14.0/passport.ts": "19820e7d6c279521f8bc8912d6a378239f73d4ab525453808994b5f44ef95215",
    "https://deno.land/x/grammy_types@v3.14.0/payment.ts": "13a80dd951efee47caad8d71dc8efd293247a42ef4bfff587ca64316ff0d638e",
    "https://deno.land/x/grammy_types@v3.14.0/settings.ts": "f8ff810da6f1007ed24cd504809bf46820229c395ff9bfc3e5c8ceaef5b2aae1",
    "https://deno.land/x/grammy_types@v3.14.0/update.ts": "71cc0d5ec860149b71415ba03282b1d7edd0466b36e2789521a3b3a3d7796493",
    "https://deno.land/x/grammy_types@v3.19.0/api.ts": "ae04d6628e3d25ae805bc07a19475065044fc44cde0a40877405bc3544d03a5f",
    "https://deno.land/x/grammy_types@v3.19.0/inline.ts": "9afd0340eafd22acb163f2f680d58b85719f0edc92dffa4d259fc5232e543d23",
    "https://deno.land/x/grammy_types@v3.19.0/langs.ts": "5f5fd09c58ba3ae942dd7cea2696f95587d2032c1829bba4bca81762b7ef73b6",
    "https://deno.land/x/grammy_types@v3.19.0/manage.ts": "78e7e0ec5491d07cf1d8630801f8024378d812cf6bd1144074d90297cc37bd52",
    "https://deno.land/x/grammy_types@v3.19.0/markup.ts": "b989e0712f9731c59e6cb308371b1722d823dd55de3d6bcaf3e4ed645a42e1f9",
    "https://deno.land/x/grammy_types@v3.19.0/message.ts": "172e9d88d99cf4706f8ccb52c64d0d1b811e0858ce55e8c90445be723f816fcf",
    "https://deno.land/x/grammy_types@v3.19.0/methods.ts": "8d1811d03cee5fe750daa62d6fdda78a5bbabf7664a2a60a85c85906ed2fc1a9",
    "https://deno.land/x/grammy_types@v3.19.0/mod.ts": "7ecea1d3f7085d64419b78183039c78d70d655aeaa8b07f118ffbfb823f5b0b7",
    "https://deno.land/x/grammy_types@v3.19.0/passport.ts": "19820e7d6c279521f8bc8912d6a378239f73d4ab525453808994b5f44ef95215",
    "https://deno.land/x/grammy_types@v3.19.0/payment.ts": "7d00b54b1e70168834d29db60d20d46b1e2133e934499bfd5a58040cb95a598c",
    "https://deno.land/x/grammy_types@v3.19.0/settings.ts": "f8ff810da6f1007ed24cd504809bf46820229c395ff9bfc3e5c8ceaef5b2aae1",
    "https://deno.land/x/grammy_types@v3.19.0/update.ts": "71cc0d5ec860149b71415ba03282b1d7edd0466b36e2789521a3b3a3d7796493",
    "https://esm.sh/bottleneck@2.19.5": "1d1fd2b9305dfcc06b425dca53eb82eb77ad340fc39b90cdbc62b86090d863d1",
    "https://esm.sh/bottleneck@2.19.5/denonext/bottleneck.mjs": "6d709da9cf5ccd0945ba8446f360abb3769dcbbd78f8a6a4cd2fcf2ff650e629"
  }
}
